// !$*UTF8*$!
{
	archiveVersion = 1;
	classes = {
	};
	objectVersion = 56;
	objects = {

/* Begin PBXBuildFile section */
		4E21B55D2A0440C400F243A5 /* News.swift in Sources */ = {isa = PBXBuildFile; fileRef = 4E21B55C2A0440C400F243A5 /* News.swift */; };
		4E21B5632A06843800F243A5 /* PostsAPICall.swift in Sources */ = {isa = PBXBuildFile; fileRef = 4E21B5622A06843800F243A5 /* PostsAPICall.swift */; };
		4E21B5652A0684E400F243A5 /* Posts Schema.swift in Sources */ = {isa = PBXBuildFile; fileRef = 4E21B5642A0684E400F243A5 /* Posts Schema.swift */; };
		4E21B5672A06A74900F243A5 /* NewsDetail.swift in Sources */ = {isa = PBXBuildFile; fileRef = 4E21B5662A06A74900F243A5 /* NewsDetail.swift */; };
		4ECEF1FD2A0C06E10077D9C9 /* Kingfisher in Frameworks */ = {isa = PBXBuildFile; productRef = 4ECEF1FC2A0C06E10077D9C9 /* Kingfisher */; };
		4EF6B4C329FF966C00E7F1C1 /* ContentView.swift in Sources */ = {isa = PBXBuildFile; fileRef = 4EF6B4C229FF966C00E7F1C1 /* ContentView.swift */; };
		4EF6B4C529FF966F00E7F1C1 /* Assets.xcassets in Resources */ = {isa = PBXBuildFile; fileRef = 4EF6B4C429FF966F00E7F1C1 /* Assets.xcassets */; };
		4EF6B4C829FF966F00E7F1C1 /* Preview Assets.xcassets in Resources */ = {isa = PBXBuildFile; fileRef = 4EF6B4C729FF966F00E7F1C1 /* Preview Assets.xcassets */; };
		4EF6B4CA29FF966F00E7F1C1 /* Persistence.swift in Sources */ = {isa = PBXBuildFile; fileRef = 4EF6B4C929FF966F00E7F1C1 /* Persistence.swift */; };
		4EF6B4CD29FF966F00E7F1C1 /* API.xcdatamodeld in Sources */ = {isa = PBXBuildFile; fileRef = 4EF6B4CB29FF966F00E7F1C1 /* API.xcdatamodeld */; };
		4EF6B4D929FFD12900E7F1C1 /* Teams Schema.swift in Sources */ = {isa = PBXBuildFile; fileRef = 4EF6B4D829FFD12900E7F1C1 /* Teams Schema.swift */; };
		4EF6B4DB29FFD13B00E7F1C1 /* League Tables Schema.swift in Sources */ = {isa = PBXBuildFile; fileRef = 4EF6B4DA29FFD13B00E7F1C1 /* League Tables Schema.swift */; };
		4EF6B4DD29FFD14B00E7F1C1 /* Players Schema.swift in Sources */ = {isa = PBXBuildFile; fileRef = 4EF6B4DC29FFD14B00E7F1C1 /* Players Schema.swift */; };
		4EF6B4DF29FFD15F00E7F1C1 /* Events Schema.swift in Sources */ = {isa = PBXBuildFile; fileRef = 4EF6B4DE29FFD15F00E7F1C1 /* Events Schema.swift */; };
		4EF6B4E229FFD86700E7F1C1 /* Teams.swift in Sources */ = {isa = PBXBuildFile; fileRef = 4EF6B4E129FFD86700E7F1C1 /* Teams.swift */; };
		4EF6B4E42A00F91F00E7F1C1 /* Events.swift in Sources */ = {isa = PBXBuildFile; fileRef = 4EF6B4E32A00F91F00E7F1C1 /* Events.swift */; };
		4EF6B4E72A01049B00E7F1C1 /* TeamsAPICall.swift in Sources */ = {isa = PBXBuildFile; fileRef = 4EF6B4E62A01049B00E7F1C1 /* TeamsAPICall.swift */; };
		4EF6B4E92A0107B100E7F1C1 /* APIApp.swift .swift in Sources */ = {isa = PBXBuildFile; fileRef = 4EF6B4E82A0107B100E7F1C1 /* APIApp.swift .swift */; };
		4EF6B4EB2A010D8900E7F1C1 /* EventsAPICall.swift in Sources */ = {isa = PBXBuildFile; fileRef = 4EF6B4EA2A010D8900E7F1C1 /* EventsAPICall.swift */; };
		4EF6B4ED2A019BBC00E7F1C1 /* DetailEvents.swift in Sources */ = {isa = PBXBuildFile; fileRef = 4EF6B4EC2A019BBC00E7F1C1 /* DetailEvents.swift */; };
		4EF6B4EF2A02666D00E7F1C1 /* EventsTEST.swift in Sources */ = {isa = PBXBuildFile; fileRef = 4EF6B4EE2A02666D00E7F1C1 /* EventsTEST.swift */; };
/* End PBXBuildFile section */

/* Begin PBXFileReference section */
		4E21B55C2A0440C400F243A5 /* News.swift */ = {isa = PBXFileReference; lastKnownFileType = sourcecode.swift; path = News.swift; sourceTree = "<group>"; };
		4E21B5622A06843800F243A5 /* PostsAPICall.swift */ = {isa = PBXFileReference; lastKnownFileType = sourcecode.swift; path = PostsAPICall.swift; sourceTree = "<group>"; };
		4E21B5642A0684E400F243A5 /* Posts Schema.swift */ = {isa = PBXFileReference; lastKnownFileType = sourcecode.swift; path = "Posts Schema.swift"; sourceTree = "<group>"; };
		4E21B5662A06A74900F243A5 /* NewsDetail.swift */ = {isa = PBXFileReference; lastKnownFileType = sourcecode.swift; path = NewsDetail.swift; sourceTree = "<group>"; };
		4EF6B4BD29FF966C00E7F1C1 /* API.app */ = {isa = PBXFileReference; explicitFileType = wrapper.application; includeInIndex = 0; path = API.app; sourceTree = BUILT_PRODUCTS_DIR; };
		4EF6B4C229FF966C00E7F1C1 /* ContentView.swift */ = {isa = PBXFileReference; lastKnownFileType = sourcecode.swift; path = ContentView.swift; sourceTree = "<group>"; };
		4EF6B4C429FF966F00E7F1C1 /* Assets.xcassets */ = {isa = PBXFileReference; lastKnownFileType = folder.assetcatalog; path = Assets.xcassets; sourceTree = "<group>"; };
		4EF6B4C729FF966F00E7F1C1 /* Preview Assets.xcassets */ = {isa = PBXFileReference; lastKnownFileType = folder.assetcatalog; path = "Preview Assets.xcassets"; sourceTree = "<group>"; };
		4EF6B4C929FF966F00E7F1C1 /* Persistence.swift */ = {isa = PBXFileReference; lastKnownFileType = sourcecode.swift; path = Persistence.swift; sourceTree = "<group>"; };
		4EF6B4CC29FF966F00E7F1C1 /* API.xcdatamodel */ = {isa = PBXFileReference; lastKnownFileType = wrapper.xcdatamodel; path = API.xcdatamodel; sourceTree = "<group>"; };
		4EF6B4D829FFD12900E7F1C1 /* Teams Schema.swift */ = {isa = PBXFileReference; lastKnownFileType = sourcecode.swift; path = "Teams Schema.swift"; sourceTree = "<group>"; };
		4EF6B4DA29FFD13B00E7F1C1 /* League Tables Schema.swift */ = {isa = PBXFileReference; lastKnownFileType = sourcecode.swift; path = "League Tables Schema.swift"; sourceTree = "<group>"; };
		4EF6B4DC29FFD14B00E7F1C1 /* Players Schema.swift */ = {isa = PBXFileReference; lastKnownFileType = sourcecode.swift; path = "Players Schema.swift"; sourceTree = "<group>"; };
		4EF6B4DE29FFD15F00E7F1C1 /* Events Schema.swift */ = {isa = PBXFileReference; lastKnownFileType = sourcecode.swift; path = "Events Schema.swift"; sourceTree = "<group>"; };
		4EF6B4E129FFD86700E7F1C1 /* Teams.swift */ = {isa = PBXFileReference; lastKnownFileType = sourcecode.swift; path = Teams.swift; sourceTree = "<group>"; };
		4EF6B4E32A00F91F00E7F1C1 /* Events.swift */ = {isa = PBXFileReference; lastKnownFileType = sourcecode.swift; path = Events.swift; sourceTree = "<group>"; };
		4EF6B4E62A01049B00E7F1C1 /* TeamsAPICall.swift */ = {isa = PBXFileReference; lastKnownFileType = sourcecode.swift; path = TeamsAPICall.swift; sourceTree = "<group>"; };
		4EF6B4E82A0107B100E7F1C1 /* APIApp.swift .swift */ = {isa = PBXFileReference; lastKnownFileType = sourcecode.swift; path = "APIApp.swift .swift"; sourceTree = "<group>"; };
		4EF6B4EA2A010D8900E7F1C1 /* EventsAPICall.swift */ = {isa = PBXFileReference; lastKnownFileType = sourcecode.swift; path = EventsAPICall.swift; sourceTree = "<group>"; };
		4EF6B4EC2A019BBC00E7F1C1 /* DetailEvents.swift */ = {isa = PBXFileReference; lastKnownFileType = sourcecode.swift; path = DetailEvents.swift; sourceTree = "<group>"; };
		4EF6B4EE2A02666D00E7F1C1 /* EventsTEST.swift */ = {isa = PBXFileReference; lastKnownFileType = sourcecode.swift; path = EventsTEST.swift; sourceTree = "<group>"; };
/* End PBXFileReference section */

/* Begin PBXFrameworksBuildPhase section */
		4EF6B4BA29FF966C00E7F1C1 /* Frameworks */ = {
			isa = PBXFrameworksBuildPhase;
			buildActionMask = 2147483647;
			files = (
				4ECEF1FD2A0C06E10077D9C9 /* Kingfisher in Frameworks */,
			);
			runOnlyForDeploymentPostprocessing = 0;
		};
/* End PBXFrameworksBuildPhase section */

/* Begin PBXGroup section */
		4EF6B4B429FF966C00E7F1C1 = {
			isa = PBXGroup;
			children = (
				4EF6B4E82A0107B100E7F1C1 /* APIApp.swift .swift */,
				4EF6B4C229FF966C00E7F1C1 /* ContentView.swift */,
				4EF6B4BF29FF966C00E7F1C1 /* API */,
				4EF6B4BE29FF966C00E7F1C1 /* Products */,
			);
			sourceTree = "<group>";
		};
		4EF6B4BE29FF966C00E7F1C1 /* Products */ = {
			isa = PBXGroup;
			children = (
				4EF6B4BD29FF966C00E7F1C1 /* API.app */,
			);
			name = Products;
			sourceTree = "<group>";
		};
		4EF6B4BF29FF966C00E7F1C1 /* API */ = {
			isa = PBXGroup;
			children = (
				4EF6B4E52A01046D00E7F1C1 /* APICall */,
				4EF6B4E029FFD85800E7F1C1 /* Views */,
				4EF6B4D729FFD0F100E7F1C1 /* Models */,
				4EF6B4C429FF966F00E7F1C1 /* Assets.xcassets */,
				4EF6B4C929FF966F00E7F1C1 /* Persistence.swift */,
				4EF6B4CB29FF966F00E7F1C1 /* API.xcdatamodeld */,
				4EF6B4C629FF966F00E7F1C1 /* Preview Content */,
			);
			path = API;
			sourceTree = "<group>";
		};
		4EF6B4C629FF966F00E7F1C1 /* Preview Content */ = {
			isa = PBXGroup;
			children = (
				4EF6B4C729FF966F00E7F1C1 /* Preview Assets.xcassets */,
			);
			path = "Preview Content";
			sourceTree = "<group>";
		};
		4EF6B4D729FFD0F100E7F1C1 /* Models */ = {
			isa = PBXGroup;
			children = (
				4EF6B4D829FFD12900E7F1C1 /* Teams Schema.swift */,
				4EF6B4DA29FFD13B00E7F1C1 /* League Tables Schema.swift */,
				4EF6B4DC29FFD14B00E7F1C1 /* Players Schema.swift */,
				4EF6B4DE29FFD15F00E7F1C1 /* Events Schema.swift */,
				4E21B5642A0684E400F243A5 /* Posts Schema.swift */,
			);
			path = Models;
			sourceTree = "<group>";
		};
		4EF6B4E029FFD85800E7F1C1 /* Views */ = {
			isa = PBXGroup;
			children = (
				4EF6B4E129FFD86700E7F1C1 /* Teams.swift */,
				4EF6B4E32A00F91F00E7F1C1 /* Events.swift */,
				4EF6B4EC2A019BBC00E7F1C1 /* DetailEvents.swift */,
				4EF6B4EE2A02666D00E7F1C1 /* EventsTEST.swift */,
				4E21B55C2A0440C400F243A5 /* News.swift */,
				4E21B5662A06A74900F243A5 /* NewsDetail.swift */,
			);
			path = Views;
			sourceTree = "<group>";
		};
		4EF6B4E52A01046D00E7F1C1 /* APICall */ = {
			isa = PBXGroup;
			children = (
				4EF6B4E62A01049B00E7F1C1 /* TeamsAPICall.swift */,
				4EF6B4EA2A010D8900E7F1C1 /* EventsAPICall.swift */,
				4E21B5622A06843800F243A5 /* PostsAPICall.swift */,
			);
			path = APICall;
			sourceTree = "<group>";
		};
/* End PBXGroup section */

/* Begin PBXNativeTarget section */
		4EF6B4BC29FF966C00E7F1C1 /* API */ = {
			isa = PBXNativeTarget;
			buildConfigurationList = 4EF6B4D029FF966F00E7F1C1 /* Build configuration list for PBXNativeTarget "API" */;
			buildPhases = (
				4EF6B4B929FF966C00E7F1C1 /* Sources */,
				4EF6B4BA29FF966C00E7F1C1 /* Frameworks */,
				4EF6B4BB29FF966C00E7F1C1 /* Resources */,
			);
			buildRules = (
			);
			dependencies = (
			);
			name = API;
			packageProductDependencies = (
				4ECEF1FC2A0C06E10077D9C9 /* Kingfisher */,
			);
			productName = API;
			productReference = 4EF6B4BD29FF966C00E7F1C1 /* API.app */;
			productType = "com.apple.product-type.application";
		};
/* End PBXNativeTarget section */

/* Begin PBXProject section */
		4EF6B4B529FF966C00E7F1C1 /* Project object */ = {
			isa = PBXProject;
			attributes = {
				BuildIndependentTargetsInParallel = 1;
				LastSwiftUpdateCheck = 1410;
				LastUpgradeCheck = 1410;
				TargetAttributes = {
					4EF6B4BC29FF966C00E7F1C1 = {
						CreatedOnToolsVersion = 14.1;
					};
				};
			};
			buildConfigurationList = 4EF6B4B829FF966C00E7F1C1 /* Build configuration list for PBXProject "API" */;
			compatibilityVersion = "Xcode 14.0";
			developmentRegion = en;
			hasScannedForEncodings = 0;
			knownRegions = (
				en,
				Base,
			);
			mainGroup = 4EF6B4B429FF966C00E7F1C1;
			packageReferences = (
				4ECEF1FB2A0C06E10077D9C9 /* XCRemoteSwiftPackageReference "Kingfisher" */,
			);
			productRefGroup = 4EF6B4BE29FF966C00E7F1C1 /* Products */;
			projectDirPath = "";
			projectRoot = "";
			targets = (
				4EF6B4BC29FF966C00E7F1C1 /* API */,
			);
		};
/* End PBXProject section */

/* Begin PBXResourcesBuildPhase section */
		4EF6B4BB29FF966C00E7F1C1 /* Resources */ = {
			isa = PBXResourcesBuildPhase;
			buildActionMask = 2147483647;
			files = (
				4EF6B4C829FF966F00E7F1C1 /* Preview Assets.xcassets in Resources */,
				4EF6B4C529FF966F00E7F1C1 /* Assets.xcassets in Resources */,
			);
			runOnlyForDeploymentPostprocessing = 0;
		};
/* End PBXResourcesBuildPhase section */

/* Begin PBXSourcesBuildPhase section */
		4EF6B4B929FF966C00E7F1C1 /* Sources */ = {
			isa = PBXSourcesBuildPhase;
			buildActionMask = 2147483647;
			files = (
				4E21B5632A06843800F243A5 /* PostsAPICall.swift in Sources */,
				4EF6B4EF2A02666D00E7F1C1 /* EventsTEST.swift in Sources */,
				4EF6B4E42A00F91F00E7F1C1 /* Events.swift in Sources */,
				4E21B55D2A0440C400F243A5 /* News.swift in Sources */,
				4EF6B4E92A0107B100E7F1C1 /* APIApp.swift .swift in Sources */,
				4EF6B4CA29FF966F00E7F1C1 /* Persistence.swift in Sources */,
				4EF6B4DF29FFD15F00E7F1C1 /* Events Schema.swift in Sources */,
				4EF6B4C329FF966C00E7F1C1 /* ContentView.swift in Sources */,
				4EF6B4E229FFD86700E7F1C1 /* Teams.swift in Sources */,
				4E21B5672A06A74900F243A5 /* NewsDetail.swift in Sources */,
				4EF6B4DD29FFD14B00E7F1C1 /* Players Schema.swift in Sources */,
				4EF6B4EB2A010D8900E7F1C1 /* EventsAPICall.swift in Sources */,
				4EF6B4DB29FFD13B00E7F1C1 /* League Tables Schema.swift in Sources */,
				4EF6B4CD29FF966F00E7F1C1 /* API.xcdatamodeld in Sources */,
				4E21B5652A0684E400F243A5 /* Posts Schema.swift in Sources */,
				4EF6B4ED2A019BBC00E7F1C1 /* DetailEvents.swift in Sources */,
				4EF6B4E72A01049B00E7F1C1 /* TeamsAPICall.swift in Sources */,
				4EF6B4D929FFD12900E7F1C1 /* Teams Schema.swift in Sources */,
			);
			runOnlyForDeploymentPostprocessing = 0;
		};
/* End PBXSourcesBuildPhase section */

/* Begin XCBuildConfiguration section */
		4EF6B4CE29FF966F00E7F1C1 /* Debug */ = {
			isa = XCBuildConfiguration;
			buildSettings = {
				ALWAYS_SEARCH_USER_PATHS = NO;
				CLANG_ANALYZER_NONNULL = YES;
				CLANG_ANALYZER_NUMBER_OBJECT_CONVERSION = YES_AGGRESSIVE;
				CLANG_CXX_LANGUAGE_STANDARD = "gnu++20";
				CLANG_ENABLE_MODULES = YES;
				CLANG_ENABLE_OBJC_ARC = YES;
				CLANG_ENABLE_OBJC_WEAK = YES;
				CLANG_WARN_BLOCK_CAPTURE_AUTORELEASING = YES;
				CLANG_WARN_BOOL_CONVERSION = YES;
				CLANG_WARN_COMMA = YES;
				CLANG_WARN_CONSTANT_CONVERSION = YES;
				CLANG_WARN_DEPRECATED_OBJC_IMPLEMENTATIONS = YES;
				CLANG_WARN_DIRECT_OBJC_ISA_USAGE = YES_ERROR;
				CLANG_WARN_DOCUMENTATION_COMMENTS = YES;
				CLANG_WARN_EMPTY_BODY = YES;
				CLANG_WARN_ENUM_CONVERSION = YES;
				CLANG_WARN_INFINITE_RECURSION = YES;
				CLANG_WARN_INT_CONVERSION = YES;
				CLANG_WARN_NON_LITERAL_NULL_CONVERSION = YES;
				CLANG_WARN_OBJC_IMPLICIT_RETAIN_SELF = YES;
				CLANG_WARN_OBJC_LITERAL_CONVERSION = YES;
				CLANG_WARN_OBJC_ROOT_CLASS = YES_ERROR;
				CLANG_WARN_QUOTED_INCLUDE_IN_FRAMEWORK_HEADER = YES;
				CLANG_WARN_RANGE_LOOP_ANALYSIS = YES;
				CLANG_WARN_STRICT_PROTOTYPES = YES;
				CLANG_WARN_SUSPICIOUS_MOVE = YES;
				CLANG_WARN_UNGUARDED_AVAILABILITY = YES_AGGRESSIVE;
				CLANG_WARN_UNREACHABLE_CODE = YES;
				CLANG_WARN__DUPLICATE_METHOD_MATCH = YES;
				COPY_PHASE_STRIP = NO;
				DEBUG_INFORMATION_FORMAT = dwarf;
				ENABLE_STRICT_OBJC_MSGSEND = YES;
				ENABLE_TESTABILITY = YES;
				GCC_C_LANGUAGE_STANDARD = gnu11;
				GCC_DYNAMIC_NO_PIC = NO;
				GCC_NO_COMMON_BLOCKS = YES;
				GCC_OPTIMIZATION_LEVEL = 0;
				GCC_PREPROCESSOR_DEFINITIONS = (
					"DEBUG=1",
					"$(inherited)",
				);
				GCC_WARN_64_TO_32_BIT_CONVERSION = YES;
				GCC_WARN_ABOUT_RETURN_TYPE = YES_ERROR;
				GCC_WARN_UNDECLARED_SELECTOR = YES;
				GCC_WARN_UNINITIALIZED_AUTOS = YES_AGGRESSIVE;
				GCC_WARN_UNUSED_FUNCTION = YES;
				GCC_WARN_UNUSED_VARIABLE = YES;
				IPHONEOS_DEPLOYMENT_TARGET = 16.1;
				MTL_ENABLE_DEBUG_INFO = INCLUDE_SOURCE;
				MTL_FAST_MATH = YES;
				ONLY_ACTIVE_ARCH = YES;
				SDKROOT = iphoneos;
				SWIFT_ACTIVE_COMPILATION_CONDITIONS = DEBUG;
				SWIFT_OPTIMIZATION_LEVEL = "-Onone";
			};
			name = Debug;
		};
		4EF6B4CF29FF966F00E7F1C1 /* Release */ = {
			isa = XCBuildConfiguration;
			buildSettings = {
				ALWAYS_SEARCH_USER_PATHS = NO;
				CLANG_ANALYZER_NONNULL = YES;
				CLANG_ANALYZER_NUMBER_OBJECT_CONVERSION = YES_AGGRESSIVE;
				CLANG_CXX_LANGUAGE_STANDARD = "gnu++20";
				CLANG_ENABLE_MODULES = YES;
				CLANG_ENABLE_OBJC_ARC = YES;
				CLANG_ENABLE_OBJC_WEAK = YES;
				CLANG_WARN_BLOCK_CAPTURE_AUTORELEASING = YES;
				CLANG_WARN_BOOL_CONVERSION = YES;
				CLANG_WARN_COMMA = YES;
				CLANG_WARN_CONSTANT_CONVERSION = YES;
				CLANG_WARN_DEPRECATED_OBJC_IMPLEMENTATIONS = YES;
				CLANG_WARN_DIRECT_OBJC_ISA_USAGE = YES_ERROR;
				CLANG_WARN_DOCUMENTATION_COMMENTS = YES;
				CLANG_WARN_EMPTY_BODY = YES;
				CLANG_WARN_ENUM_CONVERSION = YES;
				CLANG_WARN_INFINITE_RECURSION = YES;
				CLANG_WARN_INT_CONVERSION = YES;
				CLANG_WARN_NON_LITERAL_NULL_CONVERSION = YES;
				CLANG_WARN_OBJC_IMPLICIT_RETAIN_SELF = YES;
				CLANG_WARN_OBJC_LITERAL_CONVERSION = YES;
				CLANG_WARN_OBJC_ROOT_CLASS = YES_ERROR;
				CLANG_WARN_QUOTED_INCLUDE_IN_FRAMEWORK_HEADER = YES;
				CLANG_WARN_RANGE_LOOP_ANALYSIS = YES;
				CLANG_WARN_STRICT_PROTOTYPES = YES;
				CLANG_WARN_SUSPICIOUS_MOVE = YES;
				CLANG_WARN_UNGUARDED_AVAILABILITY = YES_AGGRESSIVE;
				CLANG_WARN_UNREACHABLE_CODE = YES;
				CLANG_WARN__DUPLICATE_METHOD_MATCH = YES;
				COPY_PHASE_STRIP = NO;
				DEBUG_INFORMATION_FORMAT = "dwarf-with-dsym";
				ENABLE_NS_ASSERTIONS = NO;
				ENABLE_STRICT_OBJC_MSGSEND = YES;
				GCC_C_LANGUAGE_STANDARD = gnu11;
				GCC_NO_COMMON_BLOCKS = YES;
				GCC_WARN_64_TO_32_BIT_CONVERSION = YES;
				GCC_WARN_ABOUT_RETURN_TYPE = YES_ERROR;
				GCC_WARN_UNDECLARED_SELECTOR = YES;
				GCC_WARN_UNINITIALIZED_AUTOS = YES_AGGRESSIVE;
				GCC_WARN_UNUSED_FUNCTION = YES;
				GCC_WARN_UNUSED_VARIABLE = YES;
				IPHONEOS_DEPLOYMENT_TARGET = 16.1;
				MTL_ENABLE_DEBUG_INFO = NO;
				MTL_FAST_MATH = YES;
				SDKROOT = iphoneos;
				SWIFT_COMPILATION_MODE = wholemodule;
				SWIFT_OPTIMIZATION_LEVEL = "-O";
				VALIDATE_PRODUCT = YES;
			};
			name = Release;
		};
		4EF6B4D129FF966F00E7F1C1 /* Debug */ = {
			isa = XCBuildConfiguration;
			buildSettings = {
				ASSETCATALOG_COMPILER_APPICON_NAME = AppIcon;
				ASSETCATALOG_COMPILER_GLOBAL_ACCENT_COLOR_NAME = AccentColor;
				CODE_SIGN_STYLE = Automatic;
				CURRENT_PROJECT_VERSION = 1;
				DEVELOPMENT_ASSET_PATHS = "\"API/Preview Content\"";
				DEVELOPMENT_TEAM = 9FWDXRAC2C;
				ENABLE_PREVIEWS = YES;
				GENERATE_INFOPLIST_FILE = YES;
				INFOPLIST_KEY_UIApplicationSceneManifest_Generation = YES;
				INFOPLIST_KEY_UIApplicationSupportsIndirectInputEvents = YES;
				INFOPLIST_KEY_UILaunchScreen_Generation = YES;
				INFOPLIST_KEY_UISupportedInterfaceOrientations_iPad = "UIInterfaceOrientationPortrait UIInterfaceOrientationPortraitUpsideDown UIInterfaceOrientationLandscapeLeft UIInterfaceOrientationLandscapeRight";
				INFOPLIST_KEY_UISupportedInterfaceOrientations_iPhone = "UIInterfaceOrientationPortrait UIInterfaceOrientationLandscapeLeft UIInterfaceOrientationLandscapeRight";
				LD_RUNPATH_SEARCH_PATHS = (
					"$(inherited)",
					"@executable_path/Frameworks",
				);
				MARKETING_VERSION = 1.0;
				PRODUCT_BUNDLE_IDENTIFIER = Kornel.Kruzewski.API;
				PRODUCT_NAME = "$(TARGET_NAME)";
				SWIFT_EMIT_LOC_STRINGS = YES;
				SWIFT_VERSION = 5.0;
				TARGETED_DEVICE_FAMILY = "1,2";
			};
			name = Debug;
		};
		4EF6B4D229FF966F00E7F1C1 /* Release */ = {
			isa = XCBuildConfiguration;
			buildSettings = {
				ASSETCATALOG_COMPILER_APPICON_NAME = AppIcon;
				ASSETCATALOG_COMPILER_GLOBAL_ACCENT_COLOR_NAME = AccentColor;
				CODE_SIGN_STYLE = Automatic;
				CURRENT_PROJECT_VERSION = 1;
				DEVELOPMENT_ASSET_PATHS = "\"API/Preview Content\"";
				DEVELOPMENT_TEAM = 9FWDXRAC2C;
				ENABLE_PREVIEWS = YES;
				GENERATE_INFOPLIST_FILE = YES;
				INFOPLIST_KEY_UIApplicationSceneManifest_Generation = YES;
				INFOPLIST_KEY_UIApplicationSupportsIndirectInputEvents = YES;
				INFOPLIST_KEY_UILaunchScreen_Generation = YES;
				INFOPLIST_KEY_UISupportedInterfaceOrientations_iPad = "UIInterfaceOrientationPortrait UIInterfaceOrientationPortraitUpsideDown UIInterfaceOrientationLandscapeLeft UIInterfaceOrientationLandscapeRight";
				INFOPLIST_KEY_UISupportedInterfaceOrientations_iPhone = "UIInterfaceOrientationPortrait UIInterfaceOrientationLandscapeLeft UIInterfaceOrientationLandscapeRight";
				LD_RUNPATH_SEARCH_PATHS = (
					"$(inherited)",
					"@executable_path/Frameworks",
				);
				MARKETING_VERSION = 1.0;
				PRODUCT_BUNDLE_IDENTIFIER = Kornel.Kruzewski.API;
				PRODUCT_NAME = "$(TARGET_NAME)";
				SWIFT_EMIT_LOC_STRINGS = YES;
				SWIFT_VERSION = 5.0;
				TARGETED_DEVICE_FAMILY = "1,2";
			};
			name = Release;
		};
/* End XCBuildConfiguration section */

/* Begin XCConfigurationList section */
		4EF6B4B829FF966C00E7F1C1 /* Build configuration list for PBXProject "API" */ = {
			isa = XCConfigurationList;
			buildConfigurations = (
				4EF6B4CE29FF966F00E7F1C1 /* Debug */,
				4EF6B4CF29FF966F00E7F1C1 /* Release */,
			);
			defaultConfigurationIsVisible = 0;
			defaultConfigurationName = Release;
		};
		4EF6B4D029FF966F00E7F1C1 /* Build configuration list for PBXNativeTarget "API" */ = {
			isa = XCConfigurationList;
			buildConfigurations = (
				4EF6B4D129FF966F00E7F1C1 /* Debug */,
				4EF6B4D229FF966F00E7F1C1 /* Release */,
			);
			defaultConfigurationIsVisible = 0;
			defaultConfigurationName = Release;
		};
/* End XCConfigurationList section */

/* Begin XCRemoteSwiftPackageReference section */
		4ECEF1FB2A0C06E10077D9C9 /* XCRemoteSwiftPackageReference "Kingfisher" */ = {
			isa = XCRemoteSwiftPackageReference;
			repositoryURL = "https://github.com/onevcat/Kingfisher.git";
			requirement = {
				kind = upToNextMajorVersion;
				minimumVersion = 7.0.0;
			};
		};
/* End XCRemoteSwiftPackageReference section */

/* Begin XCSwiftPackageProductDependency section */
		4ECEF1FC2A0C06E10077D9C9 /* Kingfisher */ = {
			isa = XCSwiftPackageProductDependency;
			package = 4ECEF1FB2A0C06E10077D9C9 /* XCRemoteSwiftPackageReference "Kingfisher" */;
			productName = Kingfisher;
		};
/* End XCSwiftPackageProductDependency section */

/* Begin XCVersionGroup section */
		4EF6B4CB29FF966F00E7F1C1 /* API.xcdatamodeld */ = {
			isa = XCVersionGroup;
			children = (
				4EF6B4CC29FF966F00E7F1C1 /* API.xcdatamodel */,
			);
			currentVersion = 4EF6B4CC29FF966F00E7F1C1 /* API.xcdatamodel */;
			path = API.xcdatamodeld;
			sourceTree = "<group>";
			versionGroupType = wrapper.xcdatamodel;
		};
/* End XCVersionGroup section */
	};
	rootObject = 4EF6B4B529FF966C00E7F1C1 /* Project object */;
}
